
Microsoft Visual Studio Solution File, Format Version 12.00
# Visual Studio Version 17
VisualStudioVersion = 17.9.34902.65
MinimumVisualStudioVersion = 10.0.40219.1
Project("{FAE04EC0-301F-11D3-BF4B-00C04F79EFBC}") = "RoomBookingUI", "RoomBookingUI\RoomBookingUI.csproj", "{0A05A184-9F99-485F-93C4-700A3C2639A7}"
EndProject
Global
	GlobalSection(SolutionConfigurationPlatforms) = preSolution
		Debug|Any CPU = Debug|Any CPU
		Release|Any CPU = Release|Any CPU
	EndGlobalSection
	GlobalSection(ProjectConfigurationPlatforms) = postSolution
		{0A05A184-9F99-485F-93C4-700A3C2639A7}.Debug|Any CPU.ActiveCfg = Debug|Any CPU
		{0A05A184-9F99-485F-93C4-700A3C2639A7}.Debug|Any CPU.Build.0 = Debug|Any CPU
		{0A05A184-9F99-485F-93C4-700A3C2639A7}.Release|Any CPU.ActiveCfg = Release|Any CPU
		{0A05A184-9F99-485F-93C4-700A3C2639A7}.Release|Any CPU.Build.0 = Release|Any CPU
	EndGlobalSection
	GlobalSection(SolutionProperties) = preSolution
		HideSolutionNode = FALSE
	EndGlobalSection
	GlobalSection(ExtensibilityGlobals) = postSolution
		SolutionGuid = {73939768-0757-4921-8A85-AA5FEA904202}
	EndGlobalSection
EndGlobal
